// !$*UTF8*$!
{
	archiveVersion = 1;
	classes = {
	};
	objectVersion = 50;
	objects = {

/* Begin PBXBuildFile section */
		EA24FF8022BA28C800D60D2A /* UserKit.framework in Frameworks */ = {isa = PBXBuildFile; fileRef = EA24FF7622BA28C800D60D2A /* UserKit.framework */; };
		EA24FF8522BA28C800D60D2A /* _UserRepositoryPlaygroundTests.swift in Sources */ = {isa = PBXBuildFile; fileRef = EA24FF8422BA28C800D60D2A /* _UserRepositoryPlaygroundTests.swift */; };
		EA24FF8722BA28C800D60D2A /* UserKit.h in Headers */ = {isa = PBXBuildFile; fileRef = EA24FF7922BA28C800D60D2A /* UserKit.h */; settings = {ATTRIBUTES = (Public, ); }; };
		EA24FF9222BA293B00D60D2A /* APIEndpoint.swift in Sources */ = {isa = PBXBuildFile; fileRef = EA24FF9122BA293B00D60D2A /* APIEndpoint.swift */; };
		EA24FF9422BA299D00D60D2A /* APIRequest.swift in Sources */ = {isa = PBXBuildFile; fileRef = EA24FF9322BA299D00D60D2A /* APIRequest.swift */; };
		EA24FF9622BA29FF00D60D2A /* APIClient.swift in Sources */ = {isa = PBXBuildFile; fileRef = EA24FF9522BA29FF00D60D2A /* APIClient.swift */; };
		EA24FF9A22BA2AD700D60D2A /* URLSessionProtocol.swift in Sources */ = {isa = PBXBuildFile; fileRef = EA24FF9922BA2AD700D60D2A /* URLSessionProtocol.swift */; };
		EA24FF9D22BA2B3800D60D2A /* Codable.swift in Sources */ = {isa = PBXBuildFile; fileRef = EA24FF9C22BA2B3800D60D2A /* Codable.swift */; };
		EA24FFA022BA2DD700D60D2A /* UserRepository.swift in Sources */ = {isa = PBXBuildFile; fileRef = EA24FF9F22BA2DD700D60D2A /* UserRepository.swift */; };
		EA24FFA322BA2DED00D60D2A /* User.swift in Sources */ = {isa = PBXBuildFile; fileRef = EA24FFA222BA2DED00D60D2A /* User.swift */; };
		EA24FFA522BA2F0200D60D2A /* UserKitError.swift in Sources */ = {isa = PBXBuildFile; fileRef = EA24FFA422BA2F0200D60D2A /* UserKitError.swift */; };
		EA24FFAE22BA43B600D60D2A /* APIRequestTests.swift in Sources */ = {isa = PBXBuildFile; fileRef = EA24FFAD22BA43B600D60D2A /* APIRequestTests.swift */; };
		EA24FFB022BA451500D60D2A /* APIClientTests.swift in Sources */ = {isa = PBXBuildFile; fileRef = EA24FFAF22BA451500D60D2A /* APIClientTests.swift */; };
		EA24FFB322BA456700D60D2A /* UserFixtureFactory.swift in Sources */ = {isa = PBXBuildFile; fileRef = EA24FFB222BA456700D60D2A /* UserFixtureFactory.swift */; };
		EA24FFB622BA45C300D60D2A /* URLSessionMock.swift in Sources */ = {isa = PBXBuildFile; fileRef = EA24FFB522BA45C300D60D2A /* URLSessionMock.swift */; };
		EA24FFB822BA45E500D60D2A /* URLSessionDataTaskMock.swift in Sources */ = {isa = PBXBuildFile; fileRef = EA24FFB722BA45E500D60D2A /* URLSessionDataTaskMock.swift */; };
		EA24FFBB22BA463900D60D2A /* users.json in Resources */ = {isa = PBXBuildFile; fileRef = EA24FFB922BA463900D60D2A /* users.json */; };
		EA24FFBC22BA463900D60D2A /* users-corrupt.json in Resources */ = {isa = PBXBuildFile; fileRef = EA24FFBA22BA463900D60D2A /* users-corrupt.json */; };
		EA24FFC022BA4AF400D60D2A /* UserRepositoryTests.swift in Sources */ = {isa = PBXBuildFile; fileRef = EA24FFBF22BA4AF400D60D2A /* UserRepositoryTests.swift */; };
		EA24FFC222BA4B8400D60D2A /* APIClientMock.swift in Sources */ = {isa = PBXBuildFile; fileRef = EA24FFC122BA4B8400D60D2A /* APIClientMock.swift */; };
		EA24FFC422BA4DD100D60D2A /* Address.swift in Sources */ = {isa = PBXBuildFile; fileRef = EA24FFC322BA4DD100D60D2A /* Address.swift */; };
		EA24FFC622BA4DDC00D60D2A /* Company.swift in Sources */ = {isa = PBXBuildFile; fileRef = EA24FFC522BA4DDC00D60D2A /* Company.swift */; };
/* End PBXBuildFile section */

/* Begin PBXContainerItemProxy section */
		EA24FF8122BA28C800D60D2A /* PBXContainerItemProxy */ = {
			isa = PBXContainerItemProxy;
			containerPortal = EA24FF6D22BA28C800D60D2A /* Project object */;
			proxyType = 1;
			remoteGlobalIDString = EA24FF7522BA28C800D60D2A;
			remoteInfo = UserKit;
		};
/* End PBXContainerItemProxy section */

/* Begin PBXFileReference section */
		EA24FF7622BA28C800D60D2A /* UserKit.framework */ = {isa = PBXFileReference; explicitFileType = wrapper.framework; includeInIndex = 0; path = UserKit.framework; sourceTree = BUILT_PRODUCTS_DIR; };
		EA24FF7922BA28C800D60D2A /* UserKit.h */ = {isa = PBXFileReference; lastKnownFileType = sourcecode.c.h; path = UserKit.h; sourceTree = "<group>"; };
		EA24FF7A22BA28C800D60D2A /* Info.plist */ = {isa = PBXFileReference; lastKnownFileType = text.plist.xml; path = Info.plist; sourceTree = "<group>"; };
		EA24FF7F22BA28C800D60D2A /* UserKitTests.xctest */ = {isa = PBXFileReference; explicitFileType = wrapper.cfbundle; includeInIndex = 0; path = UserKitTests.xctest; sourceTree = BUILT_PRODUCTS_DIR; };
		EA24FF8422BA28C800D60D2A /* _UserRepositoryPlaygroundTests.swift */ = {isa = PBXFileReference; lastKnownFileType = sourcecode.swift; path = _UserRepositoryPlaygroundTests.swift; sourceTree = "<group>"; };
		EA24FF8622BA28C800D60D2A /* Info.plist */ = {isa = PBXFileReference; lastKnownFileType = text.plist.xml; path = Info.plist; sourceTree = "<group>"; };
		EA24FF9122BA293B00D60D2A /* APIEndpoint.swift */ = {isa = PBXFileReference; lastKnownFileType = sourcecode.swift; path = APIEndpoint.swift; sourceTree = "<group>"; };
		EA24FF9322BA299D00D60D2A /* APIRequest.swift */ = {isa = PBXFileReference; lastKnownFileType = sourcecode.swift; path = APIRequest.swift; sourceTree = "<group>"; };
		EA24FF9522BA29FF00D60D2A /* APIClient.swift */ = {isa = PBXFileReference; lastKnownFileType = sourcecode.swift; path = APIClient.swift; sourceTree = "<group>"; };
		EA24FF9922BA2AD700D60D2A /* URLSessionProtocol.swift */ = {isa = PBXFileReference; lastKnownFileType = sourcecode.swift; path = URLSessionProtocol.swift; sourceTree = "<group>"; };
		EA24FF9C22BA2B3800D60D2A /* Codable.swift */ = {isa = PBXFileReference; lastKnownFileType = sourcecode.swift; path = Codable.swift; sourceTree = "<group>"; };
		EA24FF9F22BA2DD700D60D2A /* UserRepository.swift */ = {isa = PBXFileReference; lastKnownFileType = sourcecode.swift; path = UserRepository.swift; sourceTree = "<group>"; };
		EA24FFA222BA2DED00D60D2A /* User.swift */ = {isa = PBXFileReference; lastKnownFileType = sourcecode.swift; path = User.swift; sourceTree = "<group>"; };
		EA24FFA422BA2F0200D60D2A /* UserKitError.swift */ = {isa = PBXFileReference; lastKnownFileType = sourcecode.swift; path = UserKitError.swift; sourceTree = "<group>"; };
		EA24FFAD22BA43B600D60D2A /* APIRequestTests.swift */ = {isa = PBXFileReference; lastKnownFileType = sourcecode.swift; path = APIRequestTests.swift; sourceTree = "<group>"; };
		EA24FFAF22BA451500D60D2A /* APIClientTests.swift */ = {isa = PBXFileReference; lastKnownFileType = sourcecode.swift; path = APIClientTests.swift; sourceTree = "<group>"; };
		EA24FFB222BA456700D60D2A /* UserFixtureFactory.swift */ = {isa = PBXFileReference; lastKnownFileType = sourcecode.swift; path = UserFixtureFactory.swift; sourceTree = "<group>"; };
		EA24FFB522BA45C300D60D2A /* URLSessionMock.swift */ = {isa = PBXFileReference; lastKnownFileType = sourcecode.swift; path = URLSessionMock.swift; sourceTree = "<group>"; };
		EA24FFB722BA45E500D60D2A /* URLSessionDataTaskMock.swift */ = {isa = PBXFileReference; lastKnownFileType = sourcecode.swift; path = URLSessionDataTaskMock.swift; sourceTree = "<group>"; };
		EA24FFB922BA463900D60D2A /* users.json */ = {isa = PBXFileReference; fileEncoding = 4; lastKnownFileType = text.json; path = users.json; sourceTree = "<group>"; };
		EA24FFBA22BA463900D60D2A /* users-corrupt.json */ = {isa = PBXFileReference; fileEncoding = 4; lastKnownFileType = text.json; path = "users-corrupt.json"; sourceTree = "<group>"; };
		EA24FFBF22BA4AF400D60D2A /* UserRepositoryTests.swift */ = {isa = PBXFileReference; lastKnownFileType = sourcecode.swift; path = UserRepositoryTests.swift; sourceTree = "<group>"; };
		EA24FFC122BA4B8400D60D2A /* APIClientMock.swift */ = {isa = PBXFileReference; lastKnownFileType = sourcecode.swift; path = APIClientMock.swift; sourceTree = "<group>"; };
		EA24FFC322BA4DD100D60D2A /* Address.swift */ = {isa = PBXFileReference; lastKnownFileType = sourcecode.swift; path = Address.swift; sourceTree = "<group>"; };
		EA24FFC522BA4DDC00D60D2A /* Company.swift */ = {isa = PBXFileReference; lastKnownFileType = sourcecode.swift; path = Company.swift; sourceTree = "<group>"; };
/* End PBXFileReference section */

/* Begin PBXFrameworksBuildPhase section */
		EA24FF7322BA28C800D60D2A /* Frameworks */ = {
			isa = PBXFrameworksBuildPhase;
			buildActionMask = 2147483647;
			files = (
			);
			runOnlyForDeploymentPostprocessing = 0;
		};
		EA24FF7C22BA28C800D60D2A /* Frameworks */ = {
			isa = PBXFrameworksBuildPhase;
			buildActionMask = 2147483647;
			files = (
				EA24FF8022BA28C800D60D2A /* UserKit.framework in Frameworks */,
			);
			runOnlyForDeploymentPostprocessing = 0;
		};
/* End PBXFrameworksBuildPhase section */

/* Begin PBXGroup section */
		EA24FF6C22BA28C800D60D2A = {
			isa = PBXGroup;
			children = (
				EA24FF7822BA28C800D60D2A /* UserKit */,
				EA24FF8322BA28C800D60D2A /* UserKitTests */,
				EA24FF7722BA28C800D60D2A /* Products */,
			);
			sourceTree = "<group>";
		};
		EA24FF7722BA28C800D60D2A /* Products */ = {
			isa = PBXGroup;
			children = (
				EA24FF7622BA28C800D60D2A /* UserKit.framework */,
				EA24FF7F22BA28C800D60D2A /* UserKitTests.xctest */,
			);
			name = Products;
			sourceTree = "<group>";
		};
		EA24FF7822BA28C800D60D2A /* UserKit */ = {
			isa = PBXGroup;
			children = (
				EA24FF9022BA290700D60D2A /* Sources */,
				EA24FF7922BA28C800D60D2A /* UserKit.h */,
				EA24FF7A22BA28C800D60D2A /* Info.plist */,
			);
			path = UserKit;
			sourceTree = "<group>";
		};
		EA24FF8322BA28C800D60D2A /* UserKitTests */ = {
			isa = PBXGroup;
			children = (
				EA24FF8622BA28C800D60D2A /* Info.plist */,
				EA24FF8422BA28C800D60D2A /* _UserRepositoryPlaygroundTests.swift */,
				EA24FFAF22BA451500D60D2A /* APIClientTests.swift */,
				EA24FFAD22BA43B600D60D2A /* APIRequestTests.swift */,
				EA24FFBF22BA4AF400D60D2A /* UserRepositoryTests.swift */,
				EA24FFB122BA455900D60D2A /* Fixtures */,
				EA24FFB422BA459D00D60D2A /* Mocks */,
			);
			path = UserKitTests;
			sourceTree = "<group>";
		};
		EA24FF9022BA290700D60D2A /* Sources */ = {
			isa = PBXGroup;
			children = (
				EA24FF9722BA2A9400D60D2A /* CoreNetworking */,
				EA24FF9B22BA2B0E00D60D2A /* Extensions */,
				EA24FF9E22BA2DBE00D60D2A /* Public */,
			);
			path = Sources;
			sourceTree = "<group>";
		};
		EA24FF9722BA2A9400D60D2A /* CoreNetworking */ = {
			isa = PBXGroup;
			children = (
				EA24FF9822BA2AAB00D60D2A /* Protocols */,
				EA24FF9122BA293B00D60D2A /* APIEndpoint.swift */,
				EA24FF9322BA299D00D60D2A /* APIRequest.swift */,
				EA24FF9522BA29FF00D60D2A /* APIClient.swift */,
			);
			path = CoreNetworking;
			sourceTree = "<group>";
		};
		EA24FF9822BA2AAB00D60D2A /* Protocols */ = {
			isa = PBXGroup;
			children = (
				EA24FF9922BA2AD700D60D2A /* URLSessionProtocol.swift */,
			);
			path = Protocols;
			sourceTree = "<group>";
		};
		EA24FF9B22BA2B0E00D60D2A /* Extensions */ = {
			isa = PBXGroup;
			children = (
				EA24FF9C22BA2B3800D60D2A /* Codable.swift */,
			);
			path = Extensions;
			sourceTree = "<group>";
		};
		EA24FF9E22BA2DBE00D60D2A /* Public */ = {
			isa = PBXGroup;
			children = (
				EA24FFA422BA2F0200D60D2A /* UserKitError.swift */,
				EA24FF9F22BA2DD700D60D2A /* UserRepository.swift */,
				EA24FFA122BA2DE300D60D2A /* Model */,
			);
			path = Public;
			sourceTree = "<group>";
		};
		EA24FFA122BA2DE300D60D2A /* Model */ = {
			isa = PBXGroup;
			children = (
				EA24FFA222BA2DED00D60D2A /* User.swift */,
				EA24FFC322BA4DD100D60D2A /* Address.swift */,
				EA24FFC522BA4DDC00D60D2A /* Company.swift */,
			);
			path = Model;
			sourceTree = "<group>";
		};
		EA24FFB122BA455900D60D2A /* Fixtures */ = {
			isa = PBXGroup;
			children = (
				EA24FFBA22BA463900D60D2A /* users-corrupt.json */,
				EA24FFB922BA463900D60D2A /* users.json */,
				EA24FFB222BA456700D60D2A /* UserFixtureFactory.swift */,
			);
			path = Fixtures;
			sourceTree = "<group>";
		};
		EA24FFB422BA459D00D60D2A /* Mocks */ = {
			isa = PBXGroup;
			children = (
				EA24FFB522BA45C300D60D2A /* URLSessionMock.swift */,
				EA24FFB722BA45E500D60D2A /* URLSessionDataTaskMock.swift */,
				EA24FFC122BA4B8400D60D2A /* APIClientMock.swift */,
			);
			path = Mocks;
			sourceTree = "<group>";
		};
/* End PBXGroup section */

/* Begin PBXHeadersBuildPhase section */
		EA24FF7122BA28C800D60D2A /* Headers */ = {
			isa = PBXHeadersBuildPhase;
			buildActionMask = 2147483647;
			files = (
				EA24FF8722BA28C800D60D2A /* UserKit.h in Headers */,
			);
			runOnlyForDeploymentPostprocessing = 0;
		};
/* End PBXHeadersBuildPhase section */

/* Begin PBXNativeTarget section */
		EA24FF7522BA28C800D60D2A /* UserKit */ = {
			isa = PBXNativeTarget;
			buildConfigurationList = EA24FF8A22BA28C800D60D2A /* Build configuration list for PBXNativeTarget "UserKit" */;
			buildPhases = (
				EA24FF7122BA28C800D60D2A /* Headers */,
				EA24FF7222BA28C800D60D2A /* Sources */,
				EA24FF7322BA28C800D60D2A /* Frameworks */,
				EA24FF7422BA28C800D60D2A /* Resources */,
			);
			buildRules = (
			);
			dependencies = (
			);
			name = UserKit;
			productName = UserKit;
			productReference = EA24FF7622BA28C800D60D2A /* UserKit.framework */;
			productType = "com.apple.product-type.framework";
		};
		EA24FF7E22BA28C800D60D2A /* UserKitTests */ = {
			isa = PBXNativeTarget;
			buildConfigurationList = EA24FF8D22BA28C800D60D2A /* Build configuration list for PBXNativeTarget "UserKitTests" */;
			buildPhases = (
				EA24FF7B22BA28C800D60D2A /* Sources */,
				EA24FF7C22BA28C800D60D2A /* Frameworks */,
				EA24FF7D22BA28C800D60D2A /* Resources */,
			);
			buildRules = (
			);
			dependencies = (
				EA24FF8222BA28C800D60D2A /* PBXTargetDependency */,
			);
			name = UserKitTests;
			productName = UserKitTests;
			productReference = EA24FF7F22BA28C800D60D2A /* UserKitTests.xctest */;
			productType = "com.apple.product-type.bundle.unit-test";
		};
/* End PBXNativeTarget section */

/* Begin PBXProject section */
		EA24FF6D22BA28C800D60D2A /* Project object */ = {
			isa = PBXProject;
			attributes = {
				LastSwiftUpdateCheck = 1020;
				LastUpgradeCheck = 1020;
				ORGANIZATIONNAME = "Alessio Borraccino";
				TargetAttributes = {
					EA24FF7522BA28C800D60D2A = {
						CreatedOnToolsVersion = 10.2.1;
						LastSwiftMigration = 1020;
					};
					EA24FF7E22BA28C800D60D2A = {
						CreatedOnToolsVersion = 10.2.1;
					};
				};
			};
			buildConfigurationList = EA24FF7022BA28C800D60D2A /* Build configuration list for PBXProject "UserKit" */;
			compatibilityVersion = "Xcode 9.3";
			developmentRegion = en;
			hasScannedForEncodings = 0;
			knownRegions = (
				en,
			);
			mainGroup = EA24FF6C22BA28C800D60D2A;
			productRefGroup = EA24FF7722BA28C800D60D2A /* Products */;
			projectDirPath = "";
			projectRoot = "";
			targets = (
				EA24FF7522BA28C800D60D2A /* UserKit */,
				EA24FF7E22BA28C800D60D2A /* UserKitTests */,
			);
		};
/* End PBXProject section */

/* Begin PBXResourcesBuildPhase section */
		EA24FF7422BA28C800D60D2A /* Resources */ = {
			isa = PBXResourcesBuildPhase;
			buildActionMask = 2147483647;
			files = (
			);
			runOnlyForDeploymentPostprocessing = 0;
		};
		EA24FF7D22BA28C800D60D2A /* Resources */ = {
			isa = PBXResourcesBuildPhase;
			buildActionMask = 2147483647;
			files = (
				EA24FFBC22BA463900D60D2A /* users-corrupt.json in Resources */,
				EA24FFBB22BA463900D60D2A /* users.json in Resources */,
			);
			runOnlyForDeploymentPostprocessing = 0;
		};
/* End PBXResourcesBuildPhase section */

/* Begin PBXSourcesBuildPhase section */
		EA24FF7222BA28C800D60D2A /* Sources */ = {
			isa = PBXSourcesBuildPhase;
			buildActionMask = 2147483647;
			files = (
				EA24FFC422BA4DD100D60D2A /* Address.swift in Sources */,
				EA24FF9422BA299D00D60D2A /* APIRequest.swift in Sources */,
				EA24FF9222BA293B00D60D2A /* APIEndpoint.swift in Sources */,
				EA24FFC622BA4DDC00D60D2A /* Company.swift in Sources */,
				EA24FFA022BA2DD700D60D2A /* UserRepository.swift in Sources */,
				EA24FF9A22BA2AD700D60D2A /* URLSessionProtocol.swift in Sources */,
				EA24FF9D22BA2B3800D60D2A /* Codable.swift in Sources */,
				EA24FF9622BA29FF00D60D2A /* APIClient.swift in Sources */,
				EA24FFA522BA2F0200D60D2A /* UserKitError.swift in Sources */,
				EA24FFA322BA2DED00D60D2A /* User.swift in Sources */,
			);
			runOnlyForDeploymentPostprocessing = 0;
		};
		EA24FF7B22BA28C800D60D2A /* Sources */ = {
			isa = PBXSourcesBuildPhase;
			buildActionMask = 2147483647;
			files = (
				EA24FFB622BA45C300D60D2A /* URLSessionMock.swift in Sources */,
				EA24FFC222BA4B8400D60D2A /* APIClientMock.swift in Sources */,
				EA24FFB022BA451500D60D2A /* APIClientTests.swift in Sources */,
				EA24FFB322BA456700D60D2A /* UserFixtureFactory.swift in Sources */,
				EA24FFAE22BA43B600D60D2A /* APIRequestTests.swift in Sources */,
				EA24FF8522BA28C800D60D2A /* _UserRepositoryPlaygroundTests.swift in Sources */,
				EA24FFC022BA4AF400D60D2A /* UserRepositoryTests.swift in Sources */,
				EA24FFB822BA45E500D60D2A /* URLSessionDataTaskMock.swift in Sources */,
			);
			runOnlyForDeploymentPostprocessing = 0;
		};
/* End PBXSourcesBuildPhase section */

/* Begin PBXTargetDependency section */
		EA24FF8222BA28C800D60D2A /* PBXTargetDependency */ = {
			isa = PBXTargetDependency;
			target = EA24FF7522BA28C800D60D2A /* UserKit */;
			targetProxy = EA24FF8122BA28C800D60D2A /* PBXContainerItemProxy */;
		};
/* End PBXTargetDependency section */

/* Begin XCBuildConfiguration section */
		EA24FF8822BA28C800D60D2A /* Debug */ = {
			isa = XCBuildConfiguration;
			buildSettings = {
				ALWAYS_SEARCH_USER_PATHS = NO;
				CLANG_ANALYZER_NONNULL = YES;
				CLANG_ANALYZER_NUMBER_OBJECT_CONVERSION = YES_AGGRESSIVE;
				CLANG_CXX_LANGUAGE_STANDARD = "gnu++14";
				CLANG_CXX_LIBRARY = "libc++";
				CLANG_ENABLE_MODULES = YES;
				CLANG_ENABLE_OBJC_ARC = YES;
				CLANG_ENABLE_OBJC_WEAK = YES;
				CLANG_WARN_BLOCK_CAPTURE_AUTORELEASING = YES;
				CLANG_WARN_BOOL_CONVERSION = YES;
				CLANG_WARN_COMMA = YES;
				CLANG_WARN_CONSTANT_CONVERSION = YES;
				CLANG_WARN_DEPRECATED_OBJC_IMPLEMENTATIONS = YES;
				CLANG_WARN_DIRECT_OBJC_ISA_USAGE = YES_ERROR;
				CLANG_WARN_DOCUMENTATION_COMMENTS = YES;
				CLANG_WARN_EMPTY_BODY = YES;
				CLANG_WARN_ENUM_CONVERSION = YES;
				CLANG_WARN_INFINITE_RECURSION = YES;
				CLANG_WARN_INT_CONVERSION = YES;
				CLANG_WARN_NON_LITERAL_NULL_CONVERSION = YES;
				CLANG_WARN_OBJC_IMPLICIT_RETAIN_SELF = YES;
				CLANG_WARN_OBJC_LITERAL_CONVERSION = YES;
				CLANG_WARN_OBJC_ROOT_CLASS = YES_ERROR;
				CLANG_WARN_RANGE_LOOP_ANALYSIS = YES;
				CLANG_WARN_STRICT_PROTOTYPES = YES;
				CLANG_WARN_SUSPICIOUS_MOVE = YES;
				CLANG_WARN_UNGUARDED_AVAILABILITY = YES_AGGRESSIVE;
				CLANG_WARN_UNREACHABLE_CODE = YES;
				CLANG_WARN__DUPLICATE_METHOD_MATCH = YES;
				CODE_SIGN_IDENTITY = "iPhone Developer";
				COPY_PHASE_STRIP = NO;
				CURRENT_PROJECT_VERSION = 1;
				DEBUG_INFORMATION_FORMAT = dwarf;
				ENABLE_STRICT_OBJC_MSGSEND = YES;
				ENABLE_TESTABILITY = YES;
				GCC_C_LANGUAGE_STANDARD = gnu11;
				GCC_DYNAMIC_NO_PIC = NO;
				GCC_NO_COMMON_BLOCKS = YES;
				GCC_OPTIMIZATION_LEVEL = 0;
				GCC_PREPROCESSOR_DEFINITIONS = (
					"DEBUG=1",
					"$(inherited)",
				);
				GCC_WARN_64_TO_32_BIT_CONVERSION = YES;
				GCC_WARN_ABOUT_RETURN_TYPE = YES_ERROR;
				GCC_WARN_UNDECLARED_SELECTOR = YES;
				GCC_WARN_UNINITIALIZED_AUTOS = YES_AGGRESSIVE;
				GCC_WARN_UNUSED_FUNCTION = YES;
				GCC_WARN_UNUSED_VARIABLE = YES;
				IPHONEOS_DEPLOYMENT_TARGET = 12.2;
				MTL_ENABLE_DEBUG_INFO = INCLUDE_SOURCE;
				MTL_FAST_MATH = YES;
				ONLY_ACTIVE_ARCH = YES;
				SDKROOT = iphoneos;
				SWIFT_ACTIVE_COMPILATION_CONDITIONS = DEBUG;
				SWIFT_OPTIMIZATION_LEVEL = "-Onone";
				VERSIONING_SYSTEM = "apple-generic";
				VERSION_INFO_PREFIX = "";
			};
			name = Debug;
		};
		EA24FF8922BA28C800D60D2A /* Release */ = {
			isa = XCBuildConfiguration;
			buildSettings = {
				ALWAYS_SEARCH_USER_PATHS = NO;
				CLANG_ANALYZER_NONNULL = YES;
				CLANG_ANALYZER_NUMBER_OBJECT_CONVERSION = YES_AGGRESSIVE;
				CLANG_CXX_LANGUAGE_STANDARD = "gnu++14";
				CLANG_CXX_LIBRARY = "libc++";
				CLANG_ENABLE_MODULES = YES;
				CLANG_ENABLE_OBJC_ARC = YES;
				CLANG_ENABLE_OBJC_WEAK = YES;
				CLANG_WARN_BLOCK_CAPTURE_AUTORELEASING = YES;
				CLANG_WARN_BOOL_CONVERSION = YES;
				CLANG_WARN_COMMA = YES;
				CLANG_WARN_CONSTANT_CONVERSION = YES;
				CLANG_WARN_DEPRECATED_OBJC_IMPLEMENTATIONS = YES;
				CLANG_WARN_DIRECT_OBJC_ISA_USAGE = YES_ERROR;
				CLANG_WARN_DOCUMENTATION_COMMENTS = YES;
				CLANG_WARN_EMPTY_BODY = YES;
				CLANG_WARN_ENUM_CONVERSION = YES;
				CLANG_WARN_INFINITE_RECURSION = YES;
				CLANG_WARN_INT_CONVERSION = YES;
				CLANG_WARN_NON_LITERAL_NULL_CONVERSION = YES;
				CLANG_WARN_OBJC_IMPLICIT_RETAIN_SELF = YES;
				CLANG_WARN_OBJC_LITERAL_CONVERSION = YES;
				CLANG_WARN_OBJC_ROOT_CLASS = YES_ERROR;
				CLANG_WARN_RANGE_LOOP_ANALYSIS = YES;
				CLANG_WARN_STRICT_PROTOTYPES = YES;
				CLANG_WARN_SUSPICIOUS_MOVE = YES;
				CLANG_WARN_UNGUARDED_AVAILABILITY = YES_AGGRESSIVE;
				CLANG_WARN_UNREACHABLE_CODE = YES;
				CLANG_WARN__DUPLICATE_METHOD_MATCH = YES;
				CODE_SIGN_IDENTITY = "iPhone Developer";
				COPY_PHASE_STRIP = NO;
				CURRENT_PROJECT_VERSION = 1;
				DEBUG_INFORMATION_FORMAT = "dwarf-with-dsym";
				ENABLE_NS_ASSERTIONS = NO;
				ENABLE_STRICT_OBJC_MSGSEND = YES;
				GCC_C_LANGUAGE_STANDARD = gnu11;
				GCC_NO_COMMON_BLOCKS = YES;
				GCC_WARN_64_TO_32_BIT_CONVERSION = YES;
				GCC_WARN_ABOUT_RETURN_TYPE = YES_ERROR;
				GCC_WARN_UNDECLARED_SELECTOR = YES;
				GCC_WARN_UNINITIALIZED_AUTOS = YES_AGGRESSIVE;
				GCC_WARN_UNUSED_FUNCTION = YES;
				GCC_WARN_UNUSED_VARIABLE = YES;
				IPHONEOS_DEPLOYMENT_TARGET = 12.2;
				MTL_ENABLE_DEBUG_INFO = NO;
				MTL_FAST_MATH = YES;
				SDKROOT = iphoneos;
				SWIFT_COMPILATION_MODE = wholemodule;
				SWIFT_OPTIMIZATION_LEVEL = "-O";
				VALIDATE_PRODUCT = YES;
				VERSIONING_SYSTEM = "apple-generic";
				VERSION_INFO_PREFIX = "";
			};
			name = Release;
		};
		EA24FF8B22BA28C800D60D2A /* Debug */ = {
			isa = XCBuildConfiguration;
			buildSettings = {
				CLANG_ENABLE_MODULES = YES;
				CODE_SIGN_IDENTITY = "";
				CODE_SIGN_STYLE = Automatic;
				DEFINES_MODULE = YES;
				DEVELOPMENT_TEAM = 2HTJ99BR7X;
				DYLIB_COMPATIBILITY_VERSION = 1;
				DYLIB_CURRENT_VERSION = 1;
				DYLIB_INSTALL_NAME_BASE = "@rpath";
				INFOPLIST_FILE = UserKit/Info.plist;
				INSTALL_PATH = "$(LOCAL_LIBRARY_DIR)/Frameworks";
				LD_RUNPATH_SEARCH_PATHS = (
					"$(inherited)",
					"@executable_path/Frameworks",
					"@loader_path/Frameworks",
				);
				PRODUCT_BUNDLE_IDENTIFIER = com.albo.com.UserKit;
				PRODUCT_NAME = "$(TARGET_NAME:c99extidentifier)";
				SKIP_INSTALL = YES;
				SWIFT_OPTIMIZATION_LEVEL = "-Onone";
				SWIFT_VERSION = 5.0;
				TARGETED_DEVICE_FAMILY = "1,2";
			};
			name = Debug;
		};
		EA24FF8C22BA28C800D60D2A /* Release */ = {
			isa = XCBuildConfiguration;
			buildSettings = {
				CLANG_ENABLE_MODULES = YES;
				CODE_SIGN_IDENTITY = "";
				CODE_SIGN_STYLE = Automatic;
				DEFINES_MODULE = YES;
				DEVELOPMENT_TEAM = 2HTJ99BR7X;
				DYLIB_COMPATIBILITY_VERSION = 1;
				DYLIB_CURRENT_VERSION = 1;
				DYLIB_INSTALL_NAME_BASE = "@rpath";
				INFOPLIST_FILE = UserKit/Info.plist;
				INSTALL_PATH = "$(LOCAL_LIBRARY_DIR)/Frameworks";
				LD_RUNPATH_SEARCH_PATHS = (
					"$(inherited)",
					"@executable_path/Frameworks",
					"@loader_path/Frameworks",
				);
				PRODUCT_BUNDLE_IDENTIFIER = com.albo.com.UserKit;
				PRODUCT_NAME = "$(TARGET_NAME:c99extidentifier)";
				SKIP_INSTALL = YES;
				SWIFT_VERSION = 5.0;
				TARGETED_DEVICE_FAMILY = "1,2";
			};
			name = Release;
		};
		EA24FF8E22BA28C800D60D2A /* Debug */ = {
			isa = XCBuildConfiguration;
			buildSettings = {
				ALWAYS_EMBED_SWIFT_STANDARD_LIBRARIES = YES;
				CODE_SIGN_STYLE = Automatic;
				DEVELOPMENT_TEAM = 2HTJ99BR7X;
				INFOPLIST_FILE = UserKitTests/Info.plist;
				LD_RUNPATH_SEARCH_PATHS = (
					"$(inherited)",
					"@executable_path/Frameworks",
					"@loader_path/Frameworks",
				);
				PRODUCT_BUNDLE_IDENTIFIER = com.albo.com.UserKitTests;
				PRODUCT_NAME = "$(TARGET_NAME)";
				SWIFT_VERSION = 5.0;
				TARGETED_DEVICE_FAMILY = "1,2";
			};
			name = Debug;
		};
		EA24FF8F22BA28C800D60D2A /* Release */ = {
			isa = XCBuildConfiguration;
			buildSettings = {
				ALWAYS_EMBED_SWIFT_STANDARD_LIBRARIES = YES;
				CODE_SIGN_STYLE = Automatic;
				DEVELOPMENT_TEAM = 2HTJ99BR7X;
				INFOPLIST_FILE = UserKitTests/Info.plist;
				LD_RUNPATH_SEARCH_PATHS = (
					"$(inherited)",
					"@executable_path/Frameworks",
					"@loader_path/Frameworks",
				);
				PRODUCT_BUNDLE_IDENTIFIER = com.albo.com.UserKitTests;
				PRODUCT_NAME = "$(TARGET_NAME)";
				SWIFT_VERSION = 5.0;
				TARGETED_DEVICE_FAMILY = "1,2";
			};
			name = Release;
		};
/* End XCBuildConfiguration section */

/* Begin XCConfigurationList section */
		EA24FF7022BA28C800D60D2A /* Build configuration list for PBXProject "UserKit" */ = {
			isa = XCConfigurationList;
			buildConfigurations = (
				EA24FF8822BA28C800D60D2A /* Debug */,
				EA24FF8922BA28C800D60D2A /* Release */,
			);
			defaultConfigurationIsVisible = 0;
			defaultConfigurationName = Release;
		};
		EA24FF8A22BA28C800D60D2A /* Build configuration list for PBXNativeTarget "UserKit" */ = {
			isa = XCConfigurationList;
			buildConfigurations = (
				EA24FF8B22BA28C800D60D2A /* Debug */,
				EA24FF8C22BA28C800D60D2A /* Release */,
			);
			defaultConfigurationIsVisible = 0;
			defaultConfigurationName = Release;
		};
		EA24FF8D22BA28C800D60D2A /* Build configuration list for PBXNativeTarget "UserKitTests" */ = {
			isa = XCConfigurationList;
			buildConfigurations = (
				EA24FF8E22BA28C800D60D2A /* Debug */,
				EA24FF8F22BA28C800D60D2A /* Release */,
			);
			defaultConfigurationIsVisible = 0;
			defaultConfigurationName = Release;
		};
/* End XCConfigurationList section */
	};
	rootObject = EA24FF6D22BA28C800D60D2A /* Project object */;
}
